
Microsoft Visual Studio Solution File, Format Version 12.00
# Visual Studio Version 17
VisualStudioVersion = 17.11.35219.272
MinimumVisualStudioVersion = 10.0.40219.1
Project("{FAE04EC0-301F-11D3-BF4B-00C04F79EFBC}") = "SpecFlowProject1", "SpecFlowProject1\SpecFlowProject1.csproj", "{CE90D223-7B33-4F89-9000-2D169E967D4D}"
EndProject
Global
	GlobalSection(SolutionConfigurationPlatforms) = preSolution
		Debug|Any CPU = Debug|Any CPU
		Release|Any CPU = Release|Any CPU
	EndGlobalSection
	GlobalSection(ProjectConfigurationPlatforms) = postSolution
		{CE90D223-7B33-4F89-9000-2D169E967D4D}.Debug|Any CPU.ActiveCfg = Debug|Any CPU
		{CE90D223-7B33-4F89-9000-2D169E967D4D}.Debug|Any CPU.Build.0 = Debug|Any CPU
		{CE90D223-7B33-4F89-9000-2D169E967D4D}.Release|Any CPU.ActiveCfg = Release|Any CPU
		{CE90D223-7B33-4F89-9000-2D169E967D4D}.Release|Any CPU.Build.0 = Release|Any CPU
	EndGlobalSection
	GlobalSection(SolutionProperties) = preSolution
		HideSolutionNode = FALSE
	EndGlobalSection
	GlobalSection(ExtensibilityGlobals) = postSolution
		SolutionGuid = {BACAA5E4-F206-4233-A4B4-D6D92F437D11}
	EndGlobalSection
EndGlobal
